
Microsoft Visual Studio Solution File, Format Version 12.00
# Visual Studio Version 17
VisualStudioVersion = 17.2.32630.192
MinimumVisualStudioVersion = 10.0.40219.1
Project("{FAE04EC0-301F-11D3-BF4B-00C04F79EFBC}") = "sorting_algorithms", "sorting_algorithms\sorting_algorithms.csproj", "{2FA9FD9B-06A4-4D00-BD7D-279A5B658E1F}"
EndProject
Global
	GlobalSection(SolutionConfigurationPlatforms) = preSolution
		Debug|Any CPU = Debug|Any CPU
		Release|Any CPU = Release|Any CPU
	EndGlobalSection
	GlobalSection(ProjectConfigurationPlatforms) = postSolution
		{2FA9FD9B-06A4-4D00-BD7D-279A5B658E1F}.Debug|Any CPU.ActiveCfg = Debug|Any CPU
		{2FA9FD9B-06A4-4D00-BD7D-279A5B658E1F}.Debug|Any CPU.Build.0 = Debug|Any CPU
		{2FA9FD9B-06A4-4D00-BD7D-279A5B658E1F}.Release|Any CPU.ActiveCfg = Release|Any CPU
		{2FA9FD9B-06A4-4D00-BD7D-279A5B658E1F}.Release|Any CPU.Build.0 = Release|Any CPU
	EndGlobalSection
	GlobalSection(SolutionProperties) = preSolution
		HideSolutionNode = FALSE
	EndGlobalSection
	GlobalSection(ExtensibilityGlobals) = postSolution
		SolutionGuid = {F29C014E-0679-4421-B504-626EAA8B81E0}
	EndGlobalSection
EndGlobal
